Microsoft Visual Studio Solution File, Format Version 12.00
# Visual Studio Version 17
VisualStudioVersion = 17.0.31903.59
MinimumVisualStudioVersion = 10.0.40219.1
Project("{FAE04EC0-301F-11D3-BF4B-00C04F79EFBC}") = "tpintegrador_psr2026.Api", "tpintegrador_psr2026.Api\tpintegrador_psr2026.Api.csproj", "{D4B70B4A-6926-4747-8FA5-C11C9F984604}"
EndProject
Project("{FAE04EC0-301F-11D3-BF4B-00C04F79EFBC}") = "tpintegrador_psr2026.Tests", "tpintegrador_psr2026.Tests\tpintegrador_psr2026.Tests.csproj", "{39D055CA-0FCF-44BA-A968-53B559E55A24}"
EndProject
Global
	GlobalSection(SolutionConfigurationPlatforms) = preSolution
		Debug|Any CPU = Debug|Any CPU
		Release|Any CPU = Release|Any CPU
	EndGlobalSection
	GlobalSection(ProjectConfigurationPlatforms) = postSolution
		{D4B70B4A-6926-4747-8FA5-C11C9F984604}.Debug|Any CPU.ActiveCfg = Debug|Any CPU
		{D4B70B4A-6926-4747-8FA5-C11C9F984604}.Debug|Any CPU.Build.0 = Debug|Any CPU
		{D4B70B4A-6926-4747-8FA5-C11C9F984604}.Release|Any CPU.ActiveCfg = Release|Any CPU
		{D4B70B4A-6926-4747-8FA5-C11C9F984604}.Release|Any CPU.Build.0 = Release|Any CPU
		{39D055CA-0FCF-44BA-A968-53B559E55A24}.Debug|Any CPU.ActiveCfg = Debug|Any CPU
		{39D055CA-0FCF-44BA-A968-53B559E55A24}.Debug|Any CPU.Build.0 = Debug|Any CPU
		{39D055CA-0FCF-44BA-A968-53B559E55A24}.Release|Any CPU.ActiveCfg = Release|Any CPU
		{39D055CA-0FCF-44BA-A968-53B559E55A24}.Release|Any CPU.Build.0 = Release|Any CPU
	EndGlobalSection
EndGlobal
